<Solution>
  <Project Path="Formatting/Formatting.csproj" Id="86cdb786-8a10-4ad6-8ad7-e773d4cc1e3f" />
  <Project Path="Numbers/Numbers.csproj" Id="b35eae13-26bd-40d1-8b2b-74276951c248" />
  <Project Path="Vacabulary/Vocabulary.csproj" />
  <Project Path="Variables/Variables.csproj" Id="2cb2de02-a746-48a7-9b0c-f3ca22326be8" />
</Solution>
